
Microsoft Visual Studio Solution File, Format Version 12.00
# Visual Studio Version 17
VisualStudioVersion = 17.7.34009.444
MinimumVisualStudioVersion = 10.0.40219.1
Project("{9A19103F-16F7-4668-BE54-9A1E7A4F7556}") = "IntegralSolverApp", "IntegralSolverApp\IntegralSolverApp.csproj", "{56151358-0D84-4256-9BC9-5016441FA741}"
EndProject
Project("{9A19103F-16F7-4668-BE54-9A1E7A4F7556}") = "Array3D", "Array3D\Array3D.csproj", "{99B97A1F-7CEF-48AB-B51D-A747A7FB1BD4}"
EndProject
Project("{9A19103F-16F7-4668-BE54-9A1E7A4F7556}") = "ExtendedConsole", "ExtendedConsole\ExtendedConsole.csproj", "{2B7CB876-F35B-4572-879B-E091843AAA89}"
EndProject
Project("{9A19103F-16F7-4668-BE54-9A1E7A4F7556}") = "EventSystem", "EventSystem\EventSystem.csproj", "{0F516D56-A5BA-4B74-AC71-1401D5811D9C}"
EndProject
Project("{FAE04EC0-301F-11D3-BF4B-00C04F79EFBC}") = "AbstractFabricExample", "AbstractFabricExample\AbstractFabricExample.csproj", "{81F7E084-350F-4195-95E5-565A4531F4AF}"
EndProject
Global
	GlobalSection(SolutionConfigurationPlatforms) = preSolution
		Debug|Any CPU = Debug|Any CPU
		Release|Any CPU = Release|Any CPU
	EndGlobalSection
	GlobalSection(ProjectConfigurationPlatforms) = postSolution
		{56151358-0D84-4256-9BC9-5016441FA741}.Debug|Any CPU.ActiveCfg = Debug|Any CPU
		{56151358-0D84-4256-9BC9-5016441FA741}.Debug|Any CPU.Build.0 = Debug|Any CPU
		{56151358-0D84-4256-9BC9-5016441FA741}.Release|Any CPU.ActiveCfg = Release|Any CPU
		{56151358-0D84-4256-9BC9-5016441FA741}.Release|Any CPU.Build.0 = Release|Any CPU
		{99B97A1F-7CEF-48AB-B51D-A747A7FB1BD4}.Debug|Any CPU.ActiveCfg = Debug|Any CPU
		{99B97A1F-7CEF-48AB-B51D-A747A7FB1BD4}.Debug|Any CPU.Build.0 = Debug|Any CPU
		{99B97A1F-7CEF-48AB-B51D-A747A7FB1BD4}.Release|Any CPU.ActiveCfg = Release|Any CPU
		{99B97A1F-7CEF-48AB-B51D-A747A7FB1BD4}.Release|Any CPU.Build.0 = Release|Any CPU
		{2B7CB876-F35B-4572-879B-E091843AAA89}.Debug|Any CPU.ActiveCfg = Debug|Any CPU
		{2B7CB876-F35B-4572-879B-E091843AAA89}.Debug|Any CPU.Build.0 = Debug|Any CPU
		{2B7CB876-F35B-4572-879B-E091843AAA89}.Release|Any CPU.ActiveCfg = Release|Any CPU
		{2B7CB876-F35B-4572-879B-E091843AAA89}.Release|Any CPU.Build.0 = Release|Any CPU
		{0F516D56-A5BA-4B74-AC71-1401D5811D9C}.Debug|Any CPU.ActiveCfg = Debug|Any CPU
		{0F516D56-A5BA-4B74-AC71-1401D5811D9C}.Debug|Any CPU.Build.0 = Debug|Any CPU
		{0F516D56-A5BA-4B74-AC71-1401D5811D9C}.Release|Any CPU.ActiveCfg = Release|Any CPU
		{0F516D56-A5BA-4B74-AC71-1401D5811D9C}.Release|Any CPU.Build.0 = Release|Any CPU
		{81F7E084-350F-4195-95E5-565A4531F4AF}.Debug|Any CPU.ActiveCfg = Debug|Any CPU
		{81F7E084-350F-4195-95E5-565A4531F4AF}.Debug|Any CPU.Build.0 = Debug|Any CPU
		{81F7E084-350F-4195-95E5-565A4531F4AF}.Release|Any CPU.ActiveCfg = Release|Any CPU
		{81F7E084-350F-4195-95E5-565A4531F4AF}.Release|Any CPU.Build.0 = Release|Any CPU
	EndGlobalSection
	GlobalSection(SolutionProperties) = preSolution
		HideSolutionNode = FALSE
	EndGlobalSection
	GlobalSection(ExtensibilityGlobals) = postSolution
		SolutionGuid = {D063DEBC-C433-4031-840E-8773E52F2E6F}
	EndGlobalSection
EndGlobal
